# This file is autogenerated, do not edit; changes may be undone by the next 'dep ensure'.


[[projects]]
  name = "github.com/gogo/protobuf"
  packages = [
    "gogoproto",
    "jsonpb",
    "plugin/compare",
    "plugin/defaultcheck",
    "plugin/description",
    "plugin/embedcheck",
    "plugin/enumstringer",
    "plugin/equal",
    "plugin/face",
    "plugin/gostring",
    "plugin/marshalto",
    "plugin/oneofcheck",
    "plugin/populate",
    "plugin/size",
    "plugin/stringer",
    "plugin/testgen",
    "plugin/union",
    "plugin/unmarshal",
    "proto",
    "protoc-gen-gogo/descriptor",
    "protoc-gen-gogo/generator",
    "protoc-gen-gogo/grpc",
    "protoc-gen-gogo/plugin",
    "protoc-gen-gogoslick",
    "sortkeys",
    "types",
    "vanity",
    "vanity/command"
  ]
  revision = "342cbe0a04158f6dcb03ca0079991a51a4248c02"
  version = "v0.5"

[[projects]]
  branch = "master"
  name = "github.com/googleapis/googleapis"
  packages = ["google/rpc"]
  revision = "5c1723a756d1dc7086301d58df80fa673203fbd2"
  source = "https://github.com/costinm/googleapis.git"

[[projects]]
  branch = "master"
  name = "github.com/hashicorp/errwrap"
  packages = ["."]
  revision = "7554cd9344cec97297fa6649b055a8c98c2a1e55"

[[projects]]
  branch = "master"
  name = "github.com/hashicorp/go-multierror"
  packages = ["."]
  revision = "b7773ae218740a7be65057fc60b366a49b538a44"

[[projects]]
  name = "istio.io/api"
  packages = ["mixer/v1/template"]
  revision = "a6c74ca9a8b5bba45bafd6d238a27dde4c406da7"

[[projects]]
  name = "istio.io/istio"
  packages = [
    "mixer/pkg/adapter",
    "mixer/pkg/adapter/test",
    "mixer/pkg/status",
    "mixer/template/checknothing",
    "mixer/template/reportnothing"
  ]
  revision = "4ea861ef32f5641094f600e61c1ff9346a612196"
  version = "0.4.0"

[solve-meta]
  analyzer-name = "dep"
  analyzer-version = 1
  inputs-digest = "ae2073b10e92cbbd1aca1ecf24fd5f07aade3ec04c6c0ab07e0702047d9366b6"
  solver-name = "gps-cdcl"
  solver-version = 1
